// !$*UTF8*$!
{
	archiveVersion = 1;
	classes = {
	};
	objectVersion = 60;
	objects = {

/* Begin PBXBuildFile section */
		48B00FFF2AEA9E4200A05C75 /* AppDelegate.swift in Sources */ = {isa = PBXBuildFile; fileRef = 48B00FFE2AEA9E4200A05C75 /* AppDelegate.swift */; };
		48B010012AEA9E4200A05C75 /* SceneDelegate.swift in Sources */ = {isa = PBXBuildFile; fileRef = 48B010002AEA9E4200A05C75 /* SceneDelegate.swift */; };
		48B010032AEA9E4200A05C75 /* ViewController.swift in Sources */ = {isa = PBXBuildFile; fileRef = 48B010022AEA9E4200A05C75 /* ViewController.swift */; };
		48B010062AEA9E4200A05C75 /* Main.storyboard in Resources */ = {isa = PBXBuildFile; fileRef = 48B010042AEA9E4200A05C75 /* Main.storyboard */; };
		48B010082AEA9E4300A05C75 /* Assets.xcassets in Resources */ = {isa = PBXBuildFile; fileRef = 48B010072AEA9E4300A05C75 /* Assets.xcassets */; };
		48B0100B2AEA9E4300A05C75 /* LaunchScreen.storyboard in Resources */ = {isa = PBXBuildFile; fileRef = 48B010092AEA9E4300A05C75 /* LaunchScreen.storyboard */; };
		855FFF6AE116A1E53F0EB934 /* Pods_ExGoogleMLKit.framework in Frameworks */ = {isa = PBXBuildFile; fileRef = 42ACDC096A9CCBAF0A55F94E /* Pods_ExGoogleMLKit.framework */; };
/* End PBXBuildFile section */

/* Begin PBXFileReference section */
		26BA1584684BE1D2B59E4075 /* Pods-ExGoogleMLKit.release.xcconfig */ = {isa = PBXFileReference; includeInIndex = 1; lastKnownFileType = text.xcconfig; name = "Pods-ExGoogleMLKit.release.xcconfig"; path = "Target Support Files/Pods-ExGoogleMLKit/Pods-ExGoogleMLKit.release.xcconfig"; sourceTree = "<group>"; };
		42ACDC096A9CCBAF0A55F94E /* Pods_ExGoogleMLKit.framework */ = {isa = PBXFileReference; explicitFileType = wrapper.framework; includeInIndex = 0; path = Pods_ExGoogleMLKit.framework; sourceTree = BUILT_PRODUCTS_DIR; };
		48B00FFB2AEA9E4200A05C75 /* ExGoogleMLKit.app */ = {isa = PBXFileReference; explicitFileType = wrapper.application; includeInIndex = 0; path = ExGoogleMLKit.app; sourceTree = BUILT_PRODUCTS_DIR; };
		48B00FFE2AEA9E4200A05C75 /* AppDelegate.swift */ = {isa = PBXFileReference; lastKnownFileType = sourcecode.swift; path = AppDelegate.swift; sourceTree = "<group>"; };
		48B010002AEA9E4200A05C75 /* SceneDelegate.swift */ = {isa = PBXFileReference; lastKnownFileType = sourcecode.swift; path = SceneDelegate.swift; sourceTree = "<group>"; };
		48B010022AEA9E4200A05C75 /* ViewController.swift */ = {isa = PBXFileReference; lastKnownFileType = sourcecode.swift; path = ViewController.swift; sourceTree = "<group>"; };
		48B010052AEA9E4200A05C75 /* Base */ = {isa = PBXFileReference; lastKnownFileType = file.storyboard; name = Base; path = Base.lproj/Main.storyboard; sourceTree = "<group>"; };
		48B010072AEA9E4300A05C75 /* Assets.xcassets */ = {isa = PBXFileReference; lastKnownFileType = folder.assetcatalog; path = Assets.xcassets; sourceTree = "<group>"; };
		48B0100A2AEA9E4300A05C75 /* Base */ = {isa = PBXFileReference; lastKnownFileType = file.storyboard; name = Base; path = Base.lproj/LaunchScreen.storyboard; sourceTree = "<group>"; };
		48B0100C2AEA9E4300A05C75 /* Info.plist */ = {isa = PBXFileReference; lastKnownFileType = text.plist.xml; path = Info.plist; sourceTree = "<group>"; };
		F999694E9ED0237DE7522EE8 /* Pods-ExGoogleMLKit.debug.xcconfig */ = {isa = PBXFileReference; includeInIndex = 1; lastKnownFileType = text.xcconfig; name = "Pods-ExGoogleMLKit.debug.xcconfig"; path = "Target Support Files/Pods-ExGoogleMLKit/Pods-ExGoogleMLKit.debug.xcconfig"; sourceTree = "<group>"; };
/* End PBXFileReference section */

/* Begin PBXFrameworksBuildPhase section */
		48B00FF82AEA9E4200A05C75 /* Frameworks */ = {
			isa = PBXFrameworksBuildPhase;
			buildActionMask = 2147483647;
			files = (
				855FFF6AE116A1E53F0EB934 /* Pods_ExGoogleMLKit.framework in Frameworks */,
			);
			runOnlyForDeploymentPostprocessing = 0;
		};
/* End PBXFrameworksBuildPhase section */

/* Begin PBXGroup section */
		29AAABBBCEF9E267693EB41B /* Pods */ = {
			isa = PBXGroup;
			children = (
				F999694E9ED0237DE7522EE8 /* Pods-ExGoogleMLKit.debug.xcconfig */,
				26BA1584684BE1D2B59E4075 /* Pods-ExGoogleMLKit.release.xcconfig */,
			);
			path = Pods;
			sourceTree = "<group>";
		};
		48B00FF22AEA9E4200A05C75 = {
			isa = PBXGroup;
			children = (
				48B00FFD2AEA9E4200A05C75 /* ExGoogleMLKit */,
				48B00FFC2AEA9E4200A05C75 /* Products */,
				29AAABBBCEF9E267693EB41B /* Pods */,
				B1203141933501DA93097E90 /* Frameworks */,
			);
			sourceTree = "<group>";
		};
		48B00FFC2AEA9E4200A05C75 /* Products */ = {
			isa = PBXGroup;
			children = (
				48B00FFB2AEA9E4200A05C75 /* ExGoogleMLKit.app */,
			);
			name = Products;
			sourceTree = "<group>";
		};
		48B00FFD2AEA9E4200A05C75 /* ExGoogleMLKit */ = {
			isa = PBXGroup;
			children = (
				48B00FFE2AEA9E4200A05C75 /* AppDelegate.swift */,
				48B010002AEA9E4200A05C75 /* SceneDelegate.swift */,
				48B010022AEA9E4200A05C75 /* ViewController.swift */,
				48B010042AEA9E4200A05C75 /* Main.storyboard */,
				48B010072AEA9E4300A05C75 /* Assets.xcassets */,
				48B010092AEA9E4300A05C75 /* LaunchScreen.storyboard */,
				48B0100C2AEA9E4300A05C75 /* Info.plist */,
			);
			path = ExGoogleMLKit;
			sourceTree = "<group>";
		};
		B1203141933501DA93097E90 /* Frameworks */ = {
			isa = PBXGroup;
			children = (
				42ACDC096A9CCBAF0A55F94E /* Pods_ExGoogleMLKit.framework */,
			);
			name = Frameworks;
			sourceTree = "<group>";
		};
/* End PBXGroup section */

/* Begin PBXNativeTarget section */
		48B00FFA2AEA9E4200A05C75 /* ExGoogleMLKit */ = {
			isa = PBXNativeTarget;
			buildConfigurationList = 48B0100F2AEA9E4300A05C75 /* Build configuration list for PBXNativeTarget "ExGoogleMLKit" */;
			buildPhases = (
				6EC01D32F08C79529F45331A /* [CP] Check Pods Manifest.lock */,
				48B00FF72AEA9E4200A05C75 /* Sources */,
				48B00FF82AEA9E4200A05C75 /* Frameworks */,
				48B00FF92AEA9E4200A05C75 /* Resources */,
				A5733B14D9F3268280C98568 /* [CP] Embed Pods Frameworks */,
				D1E455C50819BFC0AE60AFB9 /* [CP] Copy Pods Resources */,
			);
			buildRules = (
			);
			dependencies = (
			);
			name = ExGoogleMLKit;
			productName = ExGoogleMLKit;
			productReference = 48B00FFB2AEA9E4200A05C75 /* ExGoogleMLKit.app */;
			productType = "com.apple.product-type.application";
		};
/* End PBXNativeTarget section */

/* Begin PBXProject section */
		48B00FF32AEA9E4200A05C75 /* Project object */ = {
			isa = PBXProject;
			attributes = {
				BuildIndependentTargetsInParallel = 1;
				LastSwiftUpdateCheck = 1500;
				LastUpgradeCheck = 1500;
				TargetAttributes = {
					48B00FFA2AEA9E4200A05C75 = {
						CreatedOnToolsVersion = 15.0.1;
					};
				};
			};
			buildConfigurationList = 48B00FF62AEA9E4200A05C75 /* Build configuration list for PBXProject "ExGoogleMLKit" */;
			compatibilityVersion = "Xcode 15.0";
			developmentRegion = en;
			hasScannedForEncodings = 0;
			knownRegions = (
				en,
				Base,
			);
			mainGroup = 48B00FF22AEA9E4200A05C75;
			productRefGroup = 48B00FFC2AEA9E4200A05C75 /* Products */;
			projectDirPath = "";
			projectRoot = "";
			targets = (
				48B00FFA2AEA9E4200A05C75 /* ExGoogleMLKit */,
			);
		};
/* End PBXProject section */

/* Begin PBXResourcesBuildPhase section */
		48B00FF92AEA9E4200A05C75 /* Resources */ = {
			isa = PBXResourcesBuildPhase;
			buildActionMask = 2147483647;
			files = (
				48B0100B2AEA9E4300A05C75 /* LaunchScreen.storyboard in Resources */,
				48B010082AEA9E4300A05C75 /* Assets.xcassets in Resources */,
				48B010062AEA9E4200A05C75 /* Main.storyboard in Resources */,
			);
			runOnlyForDeploymentPostprocessing = 0;
		};
/* End PBXResourcesBuildPhase section */

/* Begin PBXShellScriptBuildPhase section */
		6EC01D32F08C79529F45331A /* [CP] Check Pods Manifest.lock */ = {
			isa = PBXShellScriptBuildPhase;
			buildActionMask = 2147483647;
			files = (
			);
			inputFileListPaths = (
			);
			inputPaths = (
				"${PODS_PODFILE_DIR_PATH}/Podfile.lock",
				"${PODS_ROOT}/Manifest.lock",
			);
			name = "[CP] Check Pods Manifest.lock";
			outputFileListPaths = (
			);
			outputPaths = (
				"$(DERIVED_FILE_DIR)/Pods-ExGoogleMLKit-checkManifestLockResult.txt",
			);
			runOnlyForDeploymentPostprocessing = 0;
			shellPath = /bin/sh;
			shellScript = "diff \"${PODS_PODFILE_DIR_PATH}/Podfile.lock\" \"${PODS_ROOT}/Manifest.lock\" > /dev/null\nif [ $? != 0 ] ; then\n    # print error to STDERR\n    echo \"error: The sandbox is not in sync with the Podfile.lock. Run 'pod install' or update your CocoaPods installation.\" >&2\n    exit 1\nfi\n# This output is used by Xcode 'outputs' to avoid re-running this script phase.\necho \"SUCCESS\" > \"${SCRIPT_OUTPUT_FILE_0}\"\n";
			showEnvVarsInLog = 0;
		};
		A5733B14D9F3268280C98568 /* [CP] Embed Pods Frameworks */ = {
			isa = PBXShellScriptBuildPhase;
			buildActionMask = 2147483647;
			files = (
			);
			inputFileListPaths = (
				"${PODS_ROOT}/Target Support Files/Pods-ExGoogleMLKit/Pods-ExGoogleMLKit-frameworks-${CONFIGURATION}-input-files.xcfilelist",
			);
			name = "[CP] Embed Pods Frameworks";
			outputFileListPaths = (
				"${PODS_ROOT}/Target Support Files/Pods-ExGoogleMLKit/Pods-ExGoogleMLKit-frameworks-${CONFIGURATION}-output-files.xcfilelist",
			);
			runOnlyForDeploymentPostprocessing = 0;
			shellPath = /bin/sh;
			shellScript = "\"${PODS_ROOT}/Target Support Files/Pods-ExGoogleMLKit/Pods-ExGoogleMLKit-frameworks.sh\"\n";
			showEnvVarsInLog = 0;
		};
		D1E455C50819BFC0AE60AFB9 /* [CP] Copy Pods Resources */ = {
			isa = PBXShellScriptBuildPhase;
			buildActionMask = 2147483647;
			files = (
			);
			inputFileListPaths = (
				"${PODS_ROOT}/Target Support Files/Pods-ExGoogleMLKit/Pods-ExGoogleMLKit-resources-${CONFIGURATION}-input-files.xcfilelist",
			);
			name = "[CP] Copy Pods Resources";
			outputFileListPaths = (
				"${PODS_ROOT}/Target Support Files/Pods-ExGoogleMLKit/Pods-ExGoogleMLKit-resources-${CONFIGURATION}-output-files.xcfilelist",
			);
			runOnlyForDeploymentPostprocessing = 0;
			shellPath = /bin/sh;
			shellScript = "\"${PODS_ROOT}/Target Support Files/Pods-ExGoogleMLKit/Pods-ExGoogleMLKit-resources.sh\"\n";
			showEnvVarsInLog = 0;
		};
/* End PBXShellScriptBuildPhase section */

/* Begin PBXSourcesBuildPhase section */
		48B00FF72AEA9E4200A05C75 /* Sources */ = {
			isa = PBXSourcesBuildPhase;
			buildActionMask = 2147483647;
			files = (
				48B010032AEA9E4200A05C75 /* ViewController.swift in Sources */,
				48B00FFF2AEA9E4200A05C75 /* AppDelegate.swift in Sources */,
				48B010012AEA9E4200A05C75 /* SceneDelegate.swift in Sources */,
			);
			runOnlyForDeploymentPostprocessing = 0;
		};
/* End PBXSourcesBuildPhase section */

/* Begin PBXVariantGroup section */
		48B010042AEA9E4200A05C75 /* Main.storyboard */ = {
			isa = PBXVariantGroup;
			children = (
				48B010052AEA9E4200A05C75 /* Base */,
			);
			name = Main.storyboard;
			sourceTree = "<group>";
		};
		48B010092AEA9E4300A05C75 /* LaunchScreen.storyboard */ = {
			isa = PBXVariantGroup;
			children = (
				48B0100A2AEA9E4300A05C75 /* Base */,
			);
			name = LaunchScreen.storyboard;
			sourceTree = "<group>";
		};
/* End PBXVariantGroup section */

/* Begin XCBuildConfiguration section */
		48B0100D2AEA9E4300A05C75 /* Debug */ = {
			isa = XCBuildConfiguration;
			buildSettings = {
				ALWAYS_SEARCH_USER_PATHS = NO;
				ASSETCATALOG_COMPILER_GENERATE_SWIFT_ASSET_SYMBOL_EXTENSIONS = YES;
				CLANG_ANALYZER_NONNULL = YES;
				CLANG_ANALYZER_NUMBER_OBJECT_CONVERSION = YES_AGGRESSIVE;
				CLANG_CXX_LANGUAGE_STANDARD = "gnu++20";
				CLANG_ENABLE_MODULES = YES;
				CLANG_ENABLE_OBJC_ARC = YES;
				CLANG_ENABLE_OBJC_WEAK = YES;
				CLANG_WARN_BLOCK_CAPTURE_AUTORELEASING = YES;
				CLANG_WARN_BOOL_CONVERSION = YES;
				CLANG_WARN_COMMA = YES;
				CLANG_WARN_CONSTANT_CONVERSION = YES;
				CLANG_WARN_DEPRECATED_OBJC_IMPLEMENTATIONS = YES;
				CLANG_WARN_DIRECT_OBJC_ISA_USAGE = YES_ERROR;
				CLANG_WARN_DOCUMENTATION_COMMENTS = YES;
				CLANG_WARN_EMPTY_BODY = YES;
				CLANG_WARN_ENUM_CONVERSION = YES;
				CLANG_WARN_INFINITE_RECURSION = YES;
				CLANG_WARN_INT_CONVERSION = YES;
				CLANG_WARN_NON_LITERAL_NULL_CONVERSION = YES;
				CLANG_WARN_OBJC_IMPLICIT_RETAIN_SELF = YES;
				CLANG_WARN_OBJC_LITERAL_CONVERSION = YES;
				CLANG_WARN_OBJC_ROOT_CLASS = YES_ERROR;
				CLANG_WARN_QUOTED_INCLUDE_IN_FRAMEWORK_HEADER = YES;
				CLANG_WARN_RANGE_LOOP_ANALYSIS = YES;
				CLANG_WARN_STRICT_PROTOTYPES = YES;
				CLANG_WARN_SUSPICIOUS_MOVE = YES;
				CLANG_WARN_UNGUARDED_AVAILABILITY = YES_AGGRESSIVE;
				CLANG_WARN_UNREACHABLE_CODE = YES;
				CLANG_WARN__DUPLICATE_METHOD_MATCH = YES;
				COPY_PHASE_STRIP = NO;
				DEBUG_INFORMATION_FORMAT = dwarf;
				ENABLE_STRICT_OBJC_MSGSEND = YES;
				ENABLE_TESTABILITY = YES;
				ENABLE_USER_SCRIPT_SANDBOXING = YES;
				GCC_C_LANGUAGE_STANDARD = gnu17;
				GCC_DYNAMIC_NO_PIC = NO;
				GCC_NO_COMMON_BLOCKS = YES;
				GCC_OPTIMIZATION_LEVEL = 0;
				GCC_PREPROCESSOR_DEFINITIONS = (
					"DEBUG=1",
					"$(inherited)",
				);
				GCC_WARN_64_TO_32_BIT_CONVERSION = YES;
				GCC_WARN_ABOUT_RETURN_TYPE = YES_ERROR;
				GCC_WARN_UNDECLARED_SELECTOR = YES;
				GCC_WARN_UNINITIALIZED_AUTOS = YES_AGGRESSIVE;
				GCC_WARN_UNUSED_FUNCTION = YES;
				GCC_WARN_UNUSED_VARIABLE = YES;
				IPHONEOS_DEPLOYMENT_TARGET = 17.0;
				LOCALIZATION_PREFERS_STRING_CATALOGS = YES;
				MTL_ENABLE_DEBUG_INFO = INCLUDE_SOURCE;
				MTL_FAST_MATH = YES;
				ONLY_ACTIVE_ARCH = YES;
				SDKROOT = iphoneos;
				SWIFT_ACTIVE_COMPILATION_CONDITIONS = "DEBUG $(inherited)";
				SWIFT_OPTIMIZATION_LEVEL = "-Onone";
			};
			name = Debug;
		};
		48B0100E2AEA9E4300A05C75 /* Release */ = {
			isa = XCBuildConfiguration;
			buildSettings = {
				ALWAYS_SEARCH_USER_PATHS = NO;
				ASSETCATALOG_COMPILER_GENERATE_SWIFT_ASSET_SYMBOL_EXTENSIONS = YES;
				CLANG_ANALYZER_NONNULL = YES;
				CLANG_ANALYZER_NUMBER_OBJECT_CONVERSION = YES_AGGRESSIVE;
				CLANG_CXX_LANGUAGE_STANDARD = "gnu++20";
				CLANG_ENABLE_MODULES = YES;
				CLANG_ENABLE_OBJC_ARC = YES;
				CLANG_ENABLE_OBJC_WEAK = YES;
				CLANG_WARN_BLOCK_CAPTURE_AUTORELEASING = YES;
				CLANG_WARN_BOOL_CONVERSION = YES;
				CLANG_WARN_COMMA = YES;
				CLANG_WARN_CONSTANT_CONVERSION = YES;
				CLANG_WARN_DEPRECATED_OBJC_IMPLEMENTATIONS = YES;
				CLANG_WARN_DIRECT_OBJC_ISA_USAGE = YES_ERROR;
				CLANG_WARN_DOCUMENTATION_COMMENTS = YES;
				CLANG_WARN_EMPTY_BODY = YES;
				CLANG_WARN_ENUM_CONVERSION = YES;
				CLANG_WARN_INFINITE_RECURSION = YES;
				CLANG_WARN_INT_CONVERSION = YES;
				CLANG_WARN_NON_LITERAL_NULL_CONVERSION = YES;
				CLANG_WARN_OBJC_IMPLICIT_RETAIN_SELF = YES;
				CLANG_WARN_OBJC_LITERAL_CONVERSION = YES;
				CLANG_WARN_OBJC_ROOT_CLASS = YES_ERROR;
				CLANG_WARN_QUOTED_INCLUDE_IN_FRAMEWORK_HEADER = YES;
				CLANG_WARN_RANGE_LOOP_ANALYSIS = YES;
				CLANG_WARN_STRICT_PROTOTYPES = YES;
				CLANG_WARN_SUSPICIOUS_MOVE = YES;
				CLANG_WARN_UNGUARDED_AVAILABILITY = YES_AGGRESSIVE;
				CLANG_WARN_UNREACHABLE_CODE = YES;
				CLANG_WARN__DUPLICATE_METHOD_MATCH = YES;
				COPY_PHASE_STRIP = NO;
				DEBUG_INFORMATION_FORMAT = "dwarf-with-dsym";
				ENABLE_NS_ASSERTIONS = NO;
				ENABLE_STRICT_OBJC_MSGSEND = YES;
				ENABLE_USER_SCRIPT_SANDBOXING = YES;
				GCC_C_LANGUAGE_STANDARD = gnu17;
				GCC_NO_COMMON_BLOCKS = YES;
				GCC_WARN_64_TO_32_BIT_CONVERSION = YES;
				GCC_WARN_ABOUT_RETURN_TYPE = YES_ERROR;
				GCC_WARN_UNDECLARED_SELECTOR = YES;
				GCC_WARN_UNINITIALIZED_AUTOS = YES_AGGRESSIVE;
				GCC_WARN_UNUSED_FUNCTION = YES;
				GCC_WARN_UNUSED_VARIABLE = YES;
				IPHONEOS_DEPLOYMENT_TARGET = 17.0;
				LOCALIZATION_PREFERS_STRING_CATALOGS = YES;
				MTL_ENABLE_DEBUG_INFO = NO;
				MTL_FAST_MATH = YES;
				SDKROOT = iphoneos;
				SWIFT_COMPILATION_MODE = wholemodule;
				VALIDATE_PRODUCT = YES;
			};
			name = Release;
		};
		48B010102AEA9E4300A05C75 /* Debug */ = {
			isa = XCBuildConfiguration;
			baseConfigurationReference = F999694E9ED0237DE7522EE8 /* Pods-ExGoogleMLKit.debug.xcconfig */;
			buildSettings = {
				ASSETCATALOG_COMPILER_APPICON_NAME = AppIcon;
				ASSETCATALOG_COMPILER_GLOBAL_ACCENT_COLOR_NAME = AccentColor;
				CODE_SIGN_STYLE = Automatic;
				CURRENT_PROJECT_VERSION = 1;
				DEVELOPMENT_TEAM = 8DHJJJ66LY;
				ENABLE_USER_SCRIPT_SANDBOXING = NO;
				"EXCLUDED_ARCHS[sdk=iphonesimulator*]" = arm64;
				GENERATE_INFOPLIST_FILE = YES;
				INFOPLIST_FILE = ExGoogleMLKit/Info.plist;
				INFOPLIST_KEY_UIApplicationSupportsIndirectInputEvents = YES;
				INFOPLIST_KEY_UILaunchStoryboardName = LaunchScreen;
				INFOPLIST_KEY_UIMainStoryboardFile = Main;
				INFOPLIST_KEY_UISupportedInterfaceOrientations_iPad = "UIInterfaceOrientationPortrait UIInterfaceOrientationPortraitUpsideDown UIInterfaceOrientationLandscapeLeft UIInterfaceOrientationLandscapeRight";
				INFOPLIST_KEY_UISupportedInterfaceOrientations_iPhone = "UIInterfaceOrientationPortrait UIInterfaceOrientationLandscapeLeft UIInterfaceOrientationLandscapeRight";
				LD_RUNPATH_SEARCH_PATHS = (
					"$(inherited)",
					"@executable_path/Frameworks",
				);
				MARKETING_VERSION = 1.0;
				PRODUCT_BUNDLE_IDENTIFIER = com.gonigon.ExGoogleMLKit;
				PRODUCT_NAME = "$(TARGET_NAME)";
				SWIFT_EMIT_LOC_STRINGS = YES;
				SWIFT_VERSION = 5.0;
				TARGETED_DEVICE_FAMILY = "1,2";
			};
			name = Debug;
		};
		48B010112AEA9E4300A05C75 /* Release */ = {
			isa = XCBuildConfiguration;
			baseConfigurationReference = 26BA1584684BE1D2B59E4075 /* Pods-ExGoogleMLKit.release.xcconfig */;
			buildSettings = {
				ASSETCATALOG_COMPILER_APPICON_NAME = AppIcon;
				ASSETCATALOG_COMPILER_GLOBAL_ACCENT_COLOR_NAME = AccentColor;
				CODE_SIGN_STYLE = Automatic;
				CURRENT_PROJECT_VERSION = 1;
				DEVELOPMENT_TEAM = 8DHJJJ66LY;
				ENABLE_USER_SCRIPT_SANDBOXING = NO;
				GENERATE_INFOPLIST_FILE = YES;
				INFOPLIST_FILE = ExGoogleMLKit/Info.plist;
				INFOPLIST_KEY_UIApplicationSupportsIndirectInputEvents = YES;
				INFOPLIST_KEY_UILaunchStoryboardName = LaunchScreen;
				INFOPLIST_KEY_UIMainStoryboardFile = Main;
				INFOPLIST_KEY_UISupportedInterfaceOrientations_iPad = "UIInterfaceOrientationPortrait UIInterfaceOrientationPortraitUpsideDown UIInterfaceOrientationLandscapeLeft UIInterfaceOrientationLandscapeRight";
				INFOPLIST_KEY_UISupportedInterfaceOrientations_iPhone = "UIInterfaceOrientationPortrait UIInterfaceOrientationLandscapeLeft UIInterfaceOrientationLandscapeRight";
				LD_RUNPATH_SEARCH_PATHS = (
					"$(inherited)",
					"@executable_path/Frameworks",
				);
				MARKETING_VERSION = 1.0;
				PRODUCT_BUNDLE_IDENTIFIER = com.gonigon.ExGoogleMLKit;
				PRODUCT_NAME = "$(TARGET_NAME)";
				SWIFT_EMIT_LOC_STRINGS = YES;
				SWIFT_VERSION = 5.0;
				TARGETED_DEVICE_FAMILY = "1,2";
			};
			name = Release;
		};
/* End XCBuildConfiguration section */

/* Begin XCConfigurationList section */
		48B00FF62AEA9E4200A05C75 /* Build configuration list for PBXProject "ExGoogleMLKit" */ = {
			isa = XCConfigurationList;
			buildConfigurations = (
				48B0100D2AEA9E4300A05C75 /* Debug */,
				48B0100E2AEA9E4300A05C75 /* Release */,
			);
			defaultConfigurationIsVisible = 0;
			defaultConfigurationName = Release;
		};
		48B0100F2AEA9E4300A05C75 /* Build configuration list for PBXNativeTarget "ExGoogleMLKit" */ = {
			isa = XCConfigurationList;
			buildConfigurations = (
				48B010102AEA9E4300A05C75 /* Debug */,
				48B010112AEA9E4300A05C75 /* Release */,
			);
			defaultConfigurationIsVisible = 0;
			defaultConfigurationName = Release;
		};
/* End XCConfigurationList section */
	};
	rootObject = 48B00FF32AEA9E4200A05C75 /* Project object */;
}
